
Microsoft Visual Studio Solution File, Format Version 12.00
# Visual Studio Version 16
VisualStudioVersion = 16.0.29728.190
MinimumVisualStudioVersion = 10.0.40219.1
Project("{FAE04EC0-301F-11D3-BF4B-00C04F79EFBC}") = "AFT_Online_Tool_Box", "AFT_Online_Tool_Box.csproj", "{588304A4-328F-4B02-8C00-B06EDA661E59}"
EndProject
Global
	GlobalSection(SolutionConfigurationPlatforms) = preSolution
		Debug|Any CPU = Debug|Any CPU
		Release|Any CPU = Release|Any CPU
	EndGlobalSection
	GlobalSection(ProjectConfigurationPlatforms) = postSolution
		{588304A4-328F-4B02-8C00-B06EDA661E59}.Debug|Any CPU.ActiveCfg = Debug|Any CPU
		{588304A4-328F-4B02-8C00-B06EDA661E59}.Debug|Any CPU.Build.0 = Debug|Any CPU
		{588304A4-328F-4B02-8C00-B06EDA661E59}.Release|Any CPU.ActiveCfg = Release|Any CPU
		{588304A4-328F-4B02-8C00-B06EDA661E59}.Release|Any CPU.Build.0 = Release|Any CPU
	EndGlobalSection
	GlobalSection(SolutionProperties) = preSolution
		HideSolutionNode = FALSE
	EndGlobalSection
	GlobalSection(ExtensibilityGlobals) = postSolution
		SolutionGuid = {CD5D0151-53B7-45A7-A314-502DB0007CF4}
	EndGlobalSection
EndGlobal
